
Microsoft Visual Studio Solution File, Format Version 12.00
# Visual Studio Version 16
VisualStudioVersion = 16.0.29201.188
MinimumVisualStudioVersion = 10.0.40219.1
Project("{FAE04EC0-301F-11D3-BF4B-00C04F79EFBC}") = "LEk_Benjamin_Aaron_Frank_Henrich", "LEk_Benjamin_Aaron_Frank_Henrich\LEk_Benjamin_Aaron_Frank_Henrich.csproj", "{AC48F407-038F-4C8A-8F49-B6ACD97D10A9}"
EndProject
Global
	GlobalSection(SolutionConfigurationPlatforms) = preSolution
		Debug|Any CPU = Debug|Any CPU
		Release|Any CPU = Release|Any CPU
	EndGlobalSection
	GlobalSection(ProjectConfigurationPlatforms) = postSolution
		{AC48F407-038F-4C8A-8F49-B6ACD97D10A9}.Debug|Any CPU.ActiveCfg = Debug|Any CPU
		{AC48F407-038F-4C8A-8F49-B6ACD97D10A9}.Debug|Any CPU.Build.0 = Debug|Any CPU
		{AC48F407-038F-4C8A-8F49-B6ACD97D10A9}.Release|Any CPU.ActiveCfg = Release|Any CPU
		{AC48F407-038F-4C8A-8F49-B6ACD97D10A9}.Release|Any CPU.Build.0 = Release|Any CPU
	EndGlobalSection
	GlobalSection(SolutionProperties) = preSolution
		HideSolutionNode = FALSE
	EndGlobalSection
	GlobalSection(ExtensibilityGlobals) = postSolution
		SolutionGuid = {60DDFA69-DF10-492C-A0F9-C9116E2E9812}
	EndGlobalSection
EndGlobal
