
Microsoft Visual Studio Solution File, Format Version 12.00
# Visual Studio Version 16
VisualStudioVersion = 16.0.29201.188
MinimumVisualStudioVersion = 10.0.40219.1
Project("{FAE04EC0-301F-11D3-BF4B-00C04F79EFBC}") = "GTA6", "GTA6\GTA6.csproj", "{7A18095D-20D8-4C2B-B50D-D79B3D4356D9}"
EndProject
Global
	GlobalSection(SolutionConfigurationPlatforms) = preSolution
		Debug|Any CPU = Debug|Any CPU
		Release|Any CPU = Release|Any CPU
	EndGlobalSection
	GlobalSection(ProjectConfigurationPlatforms) = postSolution
		{7A18095D-20D8-4C2B-B50D-D79B3D4356D9}.Debug|Any CPU.ActiveCfg = Debug|Any CPU
		{7A18095D-20D8-4C2B-B50D-D79B3D4356D9}.Debug|Any CPU.Build.0 = Debug|Any CPU
		{7A18095D-20D8-4C2B-B50D-D79B3D4356D9}.Release|Any CPU.ActiveCfg = Release|Any CPU
		{7A18095D-20D8-4C2B-B50D-D79B3D4356D9}.Release|Any CPU.Build.0 = Release|Any CPU
	EndGlobalSection
	GlobalSection(SolutionProperties) = preSolution
		HideSolutionNode = FALSE
	EndGlobalSection
	GlobalSection(ExtensibilityGlobals) = postSolution
		SolutionGuid = {85C617F4-589C-492E-B814-84586F5B3DC8}
	EndGlobalSection
EndGlobal
