
Microsoft Visual Studio Solution File, Format Version 12.00
# Visual Studio Version 16
VisualStudioVersion = 16.0.29201.188
MinimumVisualStudioVersion = 10.0.40219.1
Project("{FAE04EC0-301F-11D3-BF4B-00C04F79EFBC}") = "vigenereChiffre", "vigenereChiffre\vigenereChiffre.csproj", "{C24BDEAD-08E5-4613-85AA-7BD624EE3204}"
EndProject
Global
	GlobalSection(SolutionConfigurationPlatforms) = preSolution
		Debug|Any CPU = Debug|Any CPU
		Release|Any CPU = Release|Any CPU
	EndGlobalSection
	GlobalSection(ProjectConfigurationPlatforms) = postSolution
		{C24BDEAD-08E5-4613-85AA-7BD624EE3204}.Debug|Any CPU.ActiveCfg = Debug|Any CPU
		{C24BDEAD-08E5-4613-85AA-7BD624EE3204}.Debug|Any CPU.Build.0 = Debug|Any CPU
		{C24BDEAD-08E5-4613-85AA-7BD624EE3204}.Release|Any CPU.ActiveCfg = Release|Any CPU
		{C24BDEAD-08E5-4613-85AA-7BD624EE3204}.Release|Any CPU.Build.0 = Release|Any CPU
	EndGlobalSection
	GlobalSection(SolutionProperties) = preSolution
		HideSolutionNode = FALSE
	EndGlobalSection
	GlobalSection(ExtensibilityGlobals) = postSolution
		SolutionGuid = {11BF41AC-9691-4471-AA8A-B26C7D353DDE}
	EndGlobalSection
EndGlobal
